
Microsoft Visual Studio Solution File, Format Version 12.00
# Visual Studio 2013
VisualStudioVersion = 12.0.31101.0
MinimumVisualStudioVersion = 10.0.40219.1
Project("{FAE04EC0-301F-11D3-BF4B-00C04F79EFBC}") = "Inventory", "Inventory\Inventory.csproj", "{BDD23D76-86DF-4F46-BBF2-635DA2D67ECE}"
EndProject
Global
	GlobalSection(SolutionConfigurationPlatforms) = preSolution
		Debug|Any CPU = Debug|Any CPU
		Release|Any CPU = Release|Any CPU
	EndGlobalSection
	GlobalSection(ProjectConfigurationPlatforms) = postSolution
		{BDD23D76-86DF-4F46-BBF2-635DA2D67ECE}.Debug|Any CPU.ActiveCfg = Debug|Any CPU
		{BDD23D76-86DF-4F46-BBF2-635DA2D67ECE}.Debug|Any CPU.Build.0 = Debug|Any CPU
		{BDD23D76-86DF-4F46-BBF2-635DA2D67ECE}.Release|Any CPU.ActiveCfg = Release|Any CPU
		{BDD23D76-86DF-4F46-BBF2-635DA2D67ECE}.Release|Any CPU.Build.0 = Release|Any CPU
	EndGlobalSection
	GlobalSection(SolutionProperties) = preSolution
		HideSolutionNode = FALSE
	EndGlobalSection
EndGlobal
